
Microsoft Visual Studio Solution File, Format Version 12.00
# Visual Studio Version 16
VisualStudioVersion = 16.0.30011.22
MinimumVisualStudioVersion = 10.0.40219.1
Project("{FAE04EC0-301F-11D3-BF4B-00C04F79EFBC}") = "BookMark", "BookMark.csproj", "{099E18F7-D6F5-4D4E-9FD2-5EF51A2C91ED}"
EndProject
Global
	GlobalSection(SolutionConfigurationPlatforms) = preSolution
		Debug|Any CPU = Debug|Any CPU
		Release|Any CPU = Release|Any CPU
	EndGlobalSection
	GlobalSection(ProjectConfigurationPlatforms) = postSolution
		{099E18F7-D6F5-4D4E-9FD2-5EF51A2C91ED}.Debug|Any CPU.ActiveCfg = Debug|Any CPU
		{099E18F7-D6F5-4D4E-9FD2-5EF51A2C91ED}.Debug|Any CPU.Build.0 = Debug|Any CPU
		{099E18F7-D6F5-4D4E-9FD2-5EF51A2C91ED}.Release|Any CPU.ActiveCfg = Release|Any CPU
		{099E18F7-D6F5-4D4E-9FD2-5EF51A2C91ED}.Release|Any CPU.Build.0 = Release|Any CPU
	EndGlobalSection
	GlobalSection(SolutionProperties) = preSolution
		HideSolutionNode = FALSE
	EndGlobalSection
	GlobalSection(ExtensibilityGlobals) = postSolution
		SolutionGuid = {C4CAC111-8261-494A-B841-C069C197B884}
	EndGlobalSection
EndGlobal
